
Microsoft Visual Studio Solution File, Format Version 12.00
# Visual Studio Version 17
VisualStudioVersion = 17.14.36121.58
MinimumVisualStudioVersion = 10.0.40219.1
Project("{8BC9CEB8-8B4A-11D0-8D11-00A0C91BC942}") = "Demo_Button_Buzzer", "Demo_Button_Buzzer.vcxproj", "{1A4943B0-EA55-BFFD-600D-5861C776AD6F}"
EndProject
Global
	GlobalSection(SolutionConfigurationPlatforms) = preSolution
		Debug|ARM = Debug|ARM
		Debug|ARM64 = Debug|ARM64
		Release|ARM = Release|ARM
		Release|ARM64 = Release|ARM64
	EndGlobalSection
	GlobalSection(ProjectConfigurationPlatforms) = postSolution
		{1A4943B0-EA55-BFFD-600D-5861C776AD6F}.Debug|ARM.ActiveCfg = Debug|ARM
		{1A4943B0-EA55-BFFD-600D-5861C776AD6F}.Debug|ARM.Build.0 = Debug|ARM
		{1A4943B0-EA55-BFFD-600D-5861C776AD6F}.Debug|ARM.Deploy.0 = Debug|ARM
		{1A4943B0-EA55-BFFD-600D-5861C776AD6F}.Debug|ARM64.ActiveCfg = Debug|ARM64
		{1A4943B0-EA55-BFFD-600D-5861C776AD6F}.Debug|ARM64.Build.0 = Debug|ARM64
		{1A4943B0-EA55-BFFD-600D-5861C776AD6F}.Debug|ARM64.Deploy.0 = Debug|ARM64
		{1A4943B0-EA55-BFFD-600D-5861C776AD6F}.Release|ARM.ActiveCfg = Release|ARM
		{1A4943B0-EA55-BFFD-600D-5861C776AD6F}.Release|ARM.Build.0 = Release|ARM
		{1A4943B0-EA55-BFFD-600D-5861C776AD6F}.Release|ARM.Deploy.0 = Release|ARM
		{1A4943B0-EA55-BFFD-600D-5861C776AD6F}.Release|ARM64.ActiveCfg = Release|ARM64
		{1A4943B0-EA55-BFFD-600D-5861C776AD6F}.Release|ARM64.Build.0 = Release|ARM64
		{1A4943B0-EA55-BFFD-600D-5861C776AD6F}.Release|ARM64.Deploy.0 = Release|ARM64
	EndGlobalSection
	GlobalSection(SolutionProperties) = preSolution
		HideSolutionNode = FALSE
	EndGlobalSection
	GlobalSection(ExtensibilityGlobals) = postSolution
		SolutionGuid = {C7EC9EEE-07AA-449A-9E70-BD58846447E3}
	EndGlobalSection
EndGlobal
